
Microsoft Visual Studio Solution File, Format Version 12.00
# Visual Studio Version 17
VisualStudioVersion = 17.9.34728.123
MinimumVisualStudioVersion = 10.0.40219.1
Project("{8BC9CEB8-8B4A-11D0-8D11-00A0C91BC942}") = "Assignment3 c++", "Assignment3 c++.vcxproj", "{FF07F13C-D6D9-4CFC-9A7B-72629F6D0759}"
EndProject
Global
	GlobalSection(SolutionConfigurationPlatforms) = preSolution
		Debug|x64 = Debug|x64
		Debug|x86 = Debug|x86
		Release|x64 = Release|x64
		Release|x86 = Release|x86
	EndGlobalSection
	GlobalSection(ProjectConfigurationPlatforms) = postSolution
		{FF07F13C-D6D9-4CFC-9A7B-72629F6D0759}.Debug|x64.ActiveCfg = Debug|x64
		{FF07F13C-D6D9-4CFC-9A7B-72629F6D0759}.Debug|x64.Build.0 = Debug|x64
		{FF07F13C-D6D9-4CFC-9A7B-72629F6D0759}.Debug|x86.ActiveCfg = Debug|Win32
		{FF07F13C-D6D9-4CFC-9A7B-72629F6D0759}.Debug|x86.Build.0 = Debug|Win32
		{FF07F13C-D6D9-4CFC-9A7B-72629F6D0759}.Release|x64.ActiveCfg = Release|x64
		{FF07F13C-D6D9-4CFC-9A7B-72629F6D0759}.Release|x64.Build.0 = Release|x64
		{FF07F13C-D6D9-4CFC-9A7B-72629F6D0759}.Release|x86.ActiveCfg = Release|Win32
		{FF07F13C-D6D9-4CFC-9A7B-72629F6D0759}.Release|x86.Build.0 = Release|Win32
	EndGlobalSection
	GlobalSection(SolutionProperties) = preSolution
		HideSolutionNode = FALSE
	EndGlobalSection
	GlobalSection(ExtensibilityGlobals) = postSolution
		SolutionGuid = {D3B85362-E779-47E4-986B-AC615AC8A36F}
	EndGlobalSection
EndGlobal
