
Microsoft Visual Studio Solution File, Format Version 12.00
# Visual Studio Version 17
VisualStudioVersion = 17.9.34728.123
MinimumVisualStudioVersion = 10.0.40219.1
Project("{8BC9CEB8-8B4A-11D0-8D11-00A0C91BC942}") = "Pentagon", "Pentagon.vcxproj", "{B9A543FB-035F-4ED3-A649-C398EA07F636}"
EndProject
Global
	GlobalSection(SolutionConfigurationPlatforms) = preSolution
		Debug|x64 = Debug|x64
		Debug|x86 = Debug|x86
		Release|x64 = Release|x64
		Release|x86 = Release|x86
	EndGlobalSection
	GlobalSection(ProjectConfigurationPlatforms) = postSolution
		{B9A543FB-035F-4ED3-A649-C398EA07F636}.Debug|x64.ActiveCfg = Debug|x64
		{B9A543FB-035F-4ED3-A649-C398EA07F636}.Debug|x64.Build.0 = Debug|x64
		{B9A543FB-035F-4ED3-A649-C398EA07F636}.Debug|x86.ActiveCfg = Debug|Win32
		{B9A543FB-035F-4ED3-A649-C398EA07F636}.Debug|x86.Build.0 = Debug|Win32
		{B9A543FB-035F-4ED3-A649-C398EA07F636}.Release|x64.ActiveCfg = Release|x64
		{B9A543FB-035F-4ED3-A649-C398EA07F636}.Release|x64.Build.0 = Release|x64
		{B9A543FB-035F-4ED3-A649-C398EA07F636}.Release|x86.ActiveCfg = Release|Win32
		{B9A543FB-035F-4ED3-A649-C398EA07F636}.Release|x86.Build.0 = Release|Win32
	EndGlobalSection
	GlobalSection(SolutionProperties) = preSolution
		HideSolutionNode = FALSE
	EndGlobalSection
	GlobalSection(ExtensibilityGlobals) = postSolution
		SolutionGuid = {87A86D16-C35B-4E1A-9B5E-3E7B16457E42}
	EndGlobalSection
EndGlobal
